
Microsoft Visual Studio Solution File, Format Version 12.00
# Visual Studio Version 17
VisualStudioVersion = 17.3.32804.467
MinimumVisualStudioVersion = 10.0.40219.1
Project("{FAE04EC0-301F-11D3-BF4B-00C04F79EFBC}") = "VidlyApplication", "VidlyApplication.csproj", "{903CB0BC-8750-4562-A97E-9501F54123F0}"
EndProject
Global
	GlobalSection(SolutionConfigurationPlatforms) = preSolution
		Debug|Any CPU = Debug|Any CPU
		Release|Any CPU = Release|Any CPU
	EndGlobalSection
	GlobalSection(ProjectConfigurationPlatforms) = postSolution
		{903CB0BC-8750-4562-A97E-9501F54123F0}.Debug|Any CPU.ActiveCfg = Debug|Any CPU
		{903CB0BC-8750-4562-A97E-9501F54123F0}.Debug|Any CPU.Build.0 = Debug|Any CPU
		{903CB0BC-8750-4562-A97E-9501F54123F0}.Release|Any CPU.ActiveCfg = Release|Any CPU
		{903CB0BC-8750-4562-A97E-9501F54123F0}.Release|Any CPU.Build.0 = Release|Any CPU
	EndGlobalSection
	GlobalSection(SolutionProperties) = preSolution
		HideSolutionNode = FALSE
	EndGlobalSection
	GlobalSection(ExtensibilityGlobals) = postSolution
		SolutionGuid = {7F457F6C-A52E-4244-9590-0C0CBEF9D41E}
	EndGlobalSection
EndGlobal
